PODS:
  - Flutter (1.0.0)
  - flutter_blue (0.0.1):
    - Flutter
    - flutter_blue/Protos (= 0.0.1)
  - flutter_blue/Protos (0.0.1):
    - Flutter
    - Protobuf (~> 3.11.4)
  - flutter_local_notifications (0.0.1):
    - Flutter
  - path_provider_foundation (0.0.1):
    - Flutter
    - FlutterMacOS
  - Protobuf (3.11.4)
  - shared_preferences_foundation (0.0.1):
    - Flutter
    - FlutterMacOS

DEPENDENCIES:
  - Flutter (from `Flutter`)
  - flutter_blue (from `.symlinks/plugins/flutter_blue/ios`)
  - flutter_local_notifications (from `.symlinks/plugins/flutter_local_notifications/ios`)
  - path_provider_foundation (from `.symlinks/plugins/path_provider_foundation/darwin`)
  - shared_preferences_foundation (from `.symlinks/plugins/shared_preferences_foundation/darwin`)

SPEC REPOS:
  trunk:
    - Protobuf

EXTERNAL SOURCES:
  Flutter:
    :path: Flutter
  flutter_blue:
    :path: ".symlinks/plugins/flutter_blue/ios"
  flutter_local_notifications:
    :path: ".symlinks/plugins/flutter_local_notifications/ios"
  path_provider_foundation:
    :path: ".symlinks/plugins/path_provider_foundation/darwin"
  shared_preferences_foundation:
    :path: ".symlinks/plugins/shared_preferences_foundation/darwin"

SPEC CHECKSUMS:
  Flutter: e0871f40cf51350855a761d2e70bf5af5b9b5de7
  flutter_blue: 98e9bec352ab6584a882536c31c7610f7102b3f0
  flutter_local_notifications: a5a732f069baa862e728d839dd2ebb904737effb
  path_provider_foundation: 080d55be775b7414fd5a5ef3ac137b97b097e564
  Protobuf: 176220c526ad8bd09ab1fb40a978eac3fef665f7
  shared_preferences_foundation: 9e1978ff2562383bd5676f64ec4e9aa8fa06a6f7

PODFILE CHECKSUM: 819463e6a0290f5a72f145ba7cde16e8b6ef0796

COCOAPODS: 1.16.2
